
Microsoft Visual Studio Solution File, Format Version 12.00
# Visual Studio Version 17
VisualStudioVersion = 17.8.34408.163
MinimumVisualStudioVersion = 10.0.40219.1
Project("{9A19103F-16F7-4668-BE54-9A1E7A4F7556}") = "Ocelot.ApiGateway", "ApiGateways\Ocelot.ApiGateway\Ocelot.ApiGateway.csproj", "{0198698A-1F1D-4129-9312-2125B916A88C}"
EndProject
Project("{2150E333-8FDC-42A3-9474-1A3956D46DE8}") = "ApiGateways", "ApiGateways", "{08DC7CF5-85D9-4063-A9B2-B1570485AC53}"
EndProject
Project("{2150E333-8FDC-42A3-9474-1A3956D46DE8}") = "Services", "Services", "{4ABEC830-2941-4F90-8B08-9EA1E7222958}"
EndProject
Project("{2150E333-8FDC-42A3-9474-1A3956D46DE8}") = "Infrastructure", "Infrastructure", "{2673F334-0753-4995-BAA7-AA72EA62ABAD}"
EndProject
Project("{2150E333-8FDC-42A3-9474-1A3956D46DE8}") = "Catalog", "Catalog", "{DB2FF3E1-0E49-45EB-A6A6-16C61FD106B0}"
EndProject
Project("{9A19103F-16F7-4668-BE54-9A1E7A4F7556}") = "Catalog.API", "Services\Catalog\Catalog.API\Catalog.API.csproj", "{32ED9B34-94DB-4723-9373-8CC9351BF197}"
EndProject
Project("{9A19103F-16F7-4668-BE54-9A1E7A4F7556}") = "Catalog.Application", "Services\Catalog\Catalog.Application\Catalog.Application.csproj", "{AF16B901-E30E-44B8-9A14-8D6662EC37CD}"
EndProject
Project("{9A19103F-16F7-4668-BE54-9A1E7A4F7556}") = "Catalog.Core", "Services\Catalog\Catalog.Core\Catalog.Core.csproj", "{31B245B1-04F5-4E69-8AEA-FB7F403FD947}"
EndProject
Project("{9A19103F-16F7-4668-BE54-9A1E7A4F7556}") = "Catalog.Infrastructure", "Services\Catalog\Catalog.Infrastructure\Catalog.Infrastructure.csproj", "{FA8681E0-391F-44AC-A35D-C6C7BE968D04}"
EndProject
Project("{FAE04EC0-301F-11D3-BF4B-00C04F79EFBC}") = "Common.Logging", "Infrastructure\Logging\Common.Logging.csproj", "{76691426-DB17-42AF-95D1-CB0C6511C7E1}"
EndProject
Global
	GlobalSection(SolutionConfigurationPlatforms) = preSolution
		Debug|Any CPU = Debug|Any CPU
		Release|Any CPU = Release|Any CPU
	EndGlobalSection
	GlobalSection(ProjectConfigurationPlatforms) = postSolution
		{0198698A-1F1D-4129-9312-2125B916A88C}.Debug|Any CPU.ActiveCfg = Debug|Any CPU
		{0198698A-1F1D-4129-9312-2125B916A88C}.Debug|Any CPU.Build.0 = Debug|Any CPU
		{0198698A-1F1D-4129-9312-2125B916A88C}.Release|Any CPU.ActiveCfg = Release|Any CPU
		{0198698A-1F1D-4129-9312-2125B916A88C}.Release|Any CPU.Build.0 = Release|Any CPU
		{32ED9B34-94DB-4723-9373-8CC9351BF197}.Debug|Any CPU.ActiveCfg = Debug|Any CPU
		{32ED9B34-94DB-4723-9373-8CC9351BF197}.Debug|Any CPU.Build.0 = Debug|Any CPU
		{32ED9B34-94DB-4723-9373-8CC9351BF197}.Release|Any CPU.ActiveCfg = Release|Any CPU
		{32ED9B34-94DB-4723-9373-8CC9351BF197}.Release|Any CPU.Build.0 = Release|Any CPU
		{AF16B901-E30E-44B8-9A14-8D6662EC37CD}.Debug|Any CPU.ActiveCfg = Debug|Any CPU
		{AF16B901-E30E-44B8-9A14-8D6662EC37CD}.Debug|Any CPU.Build.0 = Debug|Any CPU
		{AF16B901-E30E-44B8-9A14-8D6662EC37CD}.Release|Any CPU.ActiveCfg = Release|Any CPU
		{AF16B901-E30E-44B8-9A14-8D6662EC37CD}.Release|Any CPU.Build.0 = Release|Any CPU
		{31B245B1-04F5-4E69-8AEA-FB7F403FD947}.Debug|Any CPU.ActiveCfg = Debug|Any CPU
		{31B245B1-04F5-4E69-8AEA-FB7F403FD947}.Debug|Any CPU.Build.0 = Debug|Any CPU
		{31B245B1-04F5-4E69-8AEA-FB7F403FD947}.Release|Any CPU.ActiveCfg = Release|Any CPU
		{31B245B1-04F5-4E69-8AEA-FB7F403FD947}.Release|Any CPU.Build.0 = Release|Any CPU
		{FA8681E0-391F-44AC-A35D-C6C7BE968D04}.Debug|Any CPU.ActiveCfg = Debug|Any CPU
		{FA8681E0-391F-44AC-A35D-C6C7BE968D04}.Debug|Any CPU.Build.0 = Debug|Any CPU
		{FA8681E0-391F-44AC-A35D-C6C7BE968D04}.Release|Any CPU.ActiveCfg = Release|Any CPU
		{FA8681E0-391F-44AC-A35D-C6C7BE968D04}.Release|Any CPU.Build.0 = Release|Any CPU
		{76691426-DB17-42AF-95D1-CB0C6511C7E1}.Debug|Any CPU.ActiveCfg = Debug|Any CPU
		{76691426-DB17-42AF-95D1-CB0C6511C7E1}.Debug|Any CPU.Build.0 = Debug|Any CPU
		{76691426-DB17-42AF-95D1-CB0C6511C7E1}.Release|Any CPU.ActiveCfg = Release|Any CPU
		{76691426-DB17-42AF-95D1-CB0C6511C7E1}.Release|Any CPU.Build.0 = Release|Any CPU
	EndGlobalSection
	GlobalSection(SolutionProperties) = preSolution
		HideSolutionNode = FALSE
	EndGlobalSection
	GlobalSection(NestedProjects) = preSolution
		{0198698A-1F1D-4129-9312-2125B916A88C} = {08DC7CF5-85D9-4063-A9B2-B1570485AC53}
		{DB2FF3E1-0E49-45EB-A6A6-16C61FD106B0} = {4ABEC830-2941-4F90-8B08-9EA1E7222958}
		{32ED9B34-94DB-4723-9373-8CC9351BF197} = {DB2FF3E1-0E49-45EB-A6A6-16C61FD106B0}
		{AF16B901-E30E-44B8-9A14-8D6662EC37CD} = {DB2FF3E1-0E49-45EB-A6A6-16C61FD106B0}
		{31B245B1-04F5-4E69-8AEA-FB7F403FD947} = {DB2FF3E1-0E49-45EB-A6A6-16C61FD106B0}
		{FA8681E0-391F-44AC-A35D-C6C7BE968D04} = {DB2FF3E1-0E49-45EB-A6A6-16C61FD106B0}
		{76691426-DB17-42AF-95D1-CB0C6511C7E1} = {2673F334-0753-4995-BAA7-AA72EA62ABAD}
	EndGlobalSection
	GlobalSection(ExtensibilityGlobals) = postSolution
		SolutionGuid = {CEA1BC91-2CB8-4384-B3D8-0789E4539B5B}
	EndGlobalSection
EndGlobal
